# Generated by pub
# See https://dart.dev/tools/pub/glossary#lockfile
packages:
  _fe_analyzer_shared:
    dependency: transitive
    description:
      name: _fe_analyzer_shared
      url: "https://pub.dartlang.org"
    source: hosted
    version: "7.0.0"
  analyzer:
    dependency: transitive
    description:
      name: analyzer
      url: "https://pub.dartlang.org"
    source: hosted
    version: "0.39.17"
  archive:
    dependency: transitive
    description:
      name: archive
      url: "https://pub.dartlang.org"
    source: hosted
    version: "2.0.13"
  args:
    dependency: transitive
    description:
      name: args
      url: "https://pub.dartlang.org"
    source: hosted
    version: "1.6.0"
  asn1lib:
    dependency: transitive
    description:
      path: "."
      ref: "1f5e2f2d0d4543456880962ebf5adc5dcd30082d"
      resolved-ref: "1f5e2f2d0d4543456880962ebf5adc5dcd30082d"
      url: "git://github.com/KomodoPlatform/asn1lib.git"
    source: git
    version: "0.6.4"
  async:
    dependency: transitive
    description:
      name: async
      url: "https://pub.dartlang.org"
    source: hosted
    version: "2.5.0-nullsafety.1"
  audioplayers:
    dependency: "direct main"
    description:
      path: "."
      ref: "859c88c2c3fe926bdbb6e5e729d3c16d088be76a"
      resolved-ref: "859c88c2c3fe926bdbb6e5e729d3c16d088be76a"
      url: "git://github.com/KomodoPlatform/audioplayers.git"
    source: git
    version: "0.14.0"
  auto_size_text:
    dependency: "direct dev"
    description:
      path: "."
      ref: a2cb00e548916731f5c4c241d79a93419a4f9447
      resolved-ref: a2cb00e548916731f5c4c241d79a93419a4f9447
      url: "git://github.com/KomodoPlatform/auto_size_text.git"
    source: git
    version: "2.1.0"
  barcode_scan:
    dependency: "direct dev"
    description:
      path: "."
      ref: a4a010ca31b67d6ef331786bb93d79cb71f1f327
      resolved-ref: a4a010ca31b67d6ef331786bb93d79cb71f1f327
      url: "git://github.com/KomodoPlatform/flutter_barcode_reader.git"
    source: git
    version: "2.0.1"
  bip39:
    dependency: "direct dev"
    description:
      path: "."
      ref: "3bee3eedb28ba5ae1af82873c8e5b6f32038b8a1"
      resolved-ref: "3bee3eedb28ba5ae1af82873c8e5b6f32038b8a1"
      url: "git://github.com/ca333/bip39-dart.git"
    source: git
    version: "1.0.3"
  boolean_selector:
    dependency: transitive
    description:
      name: boolean_selector
      url: "https://pub.dartlang.org"
    source: hosted
    version: "2.1.0-nullsafety.1"
  bs58check:
    dependency: "direct dev"
    description:
      path: "."
      ref: e313f58289d5f4be711a6b430b7f3bb96712c6cc
      resolved-ref: e313f58289d5f4be711a6b430b7f3bb96712c6cc
      url: "git://github.com/KomodoPlatform/bs58check-dart.git"
    source: git
    version: "1.0.1"
  carousel_slider:
    dependency: "direct dev"
    description:
      path: "."
      ref: "115ce460e6d6e8382e97f6f2e2ad39d90d6485d7"
      resolved-ref: "115ce460e6d6e8382e97f6f2e2ad39d90d6485d7"
      url: "git://github.com/KomodoPlatform/flutter_carousel_slider.git"
    source: git
    version: "1.4.1"
  characters:
    dependency: transitive
    description:
      name: characters
      url: "https://pub.dartlang.org"
    source: hosted
    version: "1.1.0-nullsafety.3"
  charcode:
    dependency: transitive
    description:
      name: charcode
      url: "https://pub.dartlang.org"
    source: hosted
    version: "1.2.0-nullsafety.1"
  cli_util:
    dependency: transitive
    description:
      name: cli_util
      url: "https://pub.dartlang.org"
    source: hosted
    version: "0.2.0"
  clock:
    dependency: transitive
    description:
      name: clock
      url: "https://pub.dartlang.org"
    source: hosted
    version: "1.1.0-nullsafety.1"
  collection:
    dependency: transitive
    description:
      name: collection
      url: "https://pub.dartlang.org"
    source: hosted
    version: "1.15.0-nullsafety.3"
  connectivity:
    dependency: "direct dev"
    description:
      name: connectivity
      url: "https://pub.dartlang.org"
    source: hosted
    version: "0.4.6+2"
  convert:
    dependency: transitive
    description:
      name: convert
      url: "https://pub.dartlang.org"
    source: hosted
    version: "2.1.1"
  coverage:
    dependency: transitive
    description:
      name: coverage
      url: "https://pub.dartlang.org"
    source: hosted
    version: "0.14.2"
  crypto:
    dependency: "direct dev"
    description:
      name: crypto
      url: "https://pub.dartlang.org"
    source: hosted
    version: "2.1.5"
  csslib:
    dependency: transitive
    description:
      name: csslib
      url: "https://pub.dartlang.org"
    source: hosted
    version: "0.16.2"
  cupertino_icons:
    dependency: "direct main"
    description:
      name: cupertino_icons
      url: "https://pub.dartlang.org"
    source: hosted
    version: "0.1.3"
  dart_style:
    dependency: transitive
    description:
      name: dart_style
      url: "https://pub.dartlang.org"
    source: hosted
    version: "1.3.6"
  decimal:
    dependency: "direct dev"
    description:
      path: "."
      ref: "93fcaabe2da686b1987a351a03a70e86edf6504f"
      resolved-ref: "93fcaabe2da686b1987a351a03a70e86edf6504f"
      url: "git://github.com/KomodoPlatform/dart-decimal.git"
    source: git
    version: "0.3.5"
  encrypt:
    dependency: "direct main"
    description:
      path: "."
      ref: "4.0.3"
      resolved-ref: "8a7493d2cf6360a95595baf88a9877a713460f74"
      url: "https://github.com/KomodoPlatform/encrypt"
    source: git
    version: "4.0.3"
  fake_async:
    dependency: transitive
    description:
      name: fake_async
      url: "https://pub.dartlang.org"
    source: hosted
    version: "1.2.0-nullsafety.1"
  ffi:
    dependency: transitive
    description:
      name: ffi
      url: "https://pub.dartlang.org"
    source: hosted
    version: "0.1.3"
  file:
    dependency: transitive
    description:
      name: file
      url: "https://pub.dartlang.org"
    source: hosted
    version: "6.0.0-nullsafety.2"
  file_picker:
    dependency: "direct main"
    description:
      path: "."
      ref: b68ee11c6ac117460ffa0c96b13ac4b89f2386f7
      resolved-ref: b68ee11c6ac117460ffa0c96b13ac4b89f2386f7
      url: "git://github.com/KomodoPlatform/flutter_file_picker.git"
    source: git
    version: "1.4.3+2"
  flutter:
    dependency: "direct main"
    description: flutter
    source: sdk
    version: "0.0.0"
  flutter_driver:
    dependency: "direct dev"
    description: flutter
    source: sdk
    version: "0.0.0"
  flutter_launcher_icons:
    dependency: "direct dev"
    description:
      path: "."
      ref: c2584ef5b381e7343dfa18acddae9becdabd9727
      resolved-ref: c2584ef5b381e7343dfa18acddae9becdabd9727
      url: "git://github.com/KomodoPlatform/flutter_launcher_icons.git"
    source: git
    version: "0.7.4"
  flutter_localizations:
    dependency: "direct main"
    description: flutter
    source: sdk
    version: "0.0.0"
  flutter_plugin_android_lifecycle:
    dependency: transitive
    description:
      name: flutter_plugin_android_lifecycle
      url: "https://pub.dartlang.org"
    source: hosted
    version: "1.0.11"
  flutter_secure_storage:
    dependency: "direct dev"
    description:
      path: "."
      ref: eef67d3d006b2c53453df183f7d4ac081948e110
      resolved-ref: eef67d3d006b2c53453df183f7d4ac081948e110
      url: "git://github.com/KomodoPlatform/flutter_secure_storage.git"
    source: git
    version: "3.3.1+2"
  flutter_slidable:
    dependency: "direct dev"
    description:
      path: "."
      ref: "27bbe0dfa9866ae01e8001267e873221ef5fbd67"
      resolved-ref: "27bbe0dfa9866ae01e8001267e873221ef5fbd67"
      url: "https://github.com/KomodoPlatform/flutter_slidable.git"
    source: git
    version: "0.5.4"
  flutter_sodium:
    dependency: "direct dev"
    description:
      path: "."
      ref: "3d6f8d89b4e5f5fbb46b0f230a760b3930c57a39"
      resolved-ref: "3d6f8d89b4e5f5fbb46b0f230a760b3930c57a39"
      url: "git://github.com/KomodoPlatform/flutter_sodium.git"
    source: git
    version: "0.0.10"
  flutter_svg:
    dependency: "direct dev"
    description:
      path: "."
      ref: "03ed93a576381f2369bd05f8b833a2273705fe69"
      resolved-ref: "03ed93a576381f2369bd05f8b833a2273705fe69"
      url: "git://github.com/KomodoPlatform/flutter_svg.git"
    source: git
    version: "0.18.1"
  flutter_test:
    dependency: "direct dev"
    description: flutter
    source: sdk
    version: "0.0.0"
  flutter_web_plugins:
    dependency: transitive
    description: flutter
    source: sdk
    version: "0.0.0"
  fuchsia_remote_debug_protocol:
    dependency: transitive
    description: flutter
    source: sdk
    version: "0.0.0"
  glob:
    dependency: transitive
    description:
      name: glob
      url: "https://pub.dartlang.org"
    source: hosted
    version: "1.2.0"
  hex:
    dependency: transitive
    description:
      path: "."
      ref: "6afb93fbe9024b174bf7075338e7ca0fe9c0411b"
      resolved-ref: "6afb93fbe9024b174bf7075338e7ca0fe9c0411b"
      url: "git://github.com/KomodoPlatform/dart-hex.git"
    source: git
    version: "0.1.2"
  html:
    dependency: transitive
    description:
      name: html
      url: "https://pub.dartlang.org"
    source: hosted
    version: "0.14.0+4"
  http:
    dependency: "direct dev"
    description:
      name: http
      url: "https://pub.dartlang.org"
    source: hosted
    version: "0.12.0+4"
  http_multi_server:
    dependency: transitive
    description:
      name: http_multi_server
      url: "https://pub.dartlang.org"
    source: hosted
    version: "2.2.0"
  http_parser:
    dependency: transitive
    description:
      name: http_parser
      url: "https://pub.dartlang.org"
    source: hosted
    version: "3.1.4"
  image:
    dependency: transitive
    description:
      name: image
      url: "https://pub.dartlang.org"
    source: hosted
    version: "2.1.19"
  intl:
    dependency: transitive
    description:
      name: intl
      url: "https://pub.dartlang.org"
    source: hosted
    version: "0.16.1"
  intl_translation:
    dependency: "direct dev"
    description:
      name: intl_translation
      url: "https://pub.dartlang.org"
    source: hosted
    version: "0.17.10+1"
  io:
    dependency: transitive
    description:
      name: io
      url: "https://pub.dartlang.org"
    source: hosted
    version: "0.3.4"
  js:
    dependency: transitive
    description:
      name: js
      url: "https://pub.dartlang.org"
    source: hosted
    version: "0.6.3-nullsafety.2"
  json_rpc_2:
    dependency: transitive
    description:
      name: json_rpc_2
      url: "https://pub.dartlang.org"
    source: hosted
    version: "2.2.2"
  keccak:
    dependency: "direct dev"
    description:
      path: "."
      ref: "420208090228f49237e080a31d1b627ec454d1cd"
      resolved-ref: "420208090228f49237e080a31d1b627ec454d1cd"
      url: "git://github.com/KomodoPlatform/keccak.git"
    source: git
    version: "1.0.3"
  local_auth:
    dependency: "direct dev"
    description:
      name: local_auth
      url: "https://pub.dartlang.org"
    source: hosted
    version: "0.6.3+3"
  logging:
    dependency: transitive
    description:
      name: logging
      url: "https://pub.dartlang.org"
    source: hosted
    version: "0.11.4"
  matcher:
    dependency: transitive
    description:
      name: matcher
      url: "https://pub.dartlang.org"
    source: hosted
    version: "0.12.10-nullsafety.1"
  meta:
    dependency: transitive
    description:
      name: meta
      url: "https://pub.dartlang.org"
    source: hosted
    version: "1.3.0-nullsafety.3"
  mime:
    dependency: transitive
    description:
      name: mime
      url: "https://pub.dartlang.org"
    source: hosted
    version: "0.9.7"
  mockito:
    dependency: "direct dev"
    description:
      name: mockito
      url: "https://pub.dartlang.org"
    source: hosted
    version: "4.1.1"
  nested:
    dependency: transitive
    description:
      name: nested
      url: "https://pub.dartlang.org"
    source: hosted
    version: "0.0.4"
  node_interop:
    dependency: transitive
    description:
      name: node_interop
      url: "https://pub.dartlang.org"
    source: hosted
    version: "1.2.1"
  node_io:
    dependency: transitive
    description:
      name: node_io
      url: "https://pub.dartlang.org"
    source: hosted
    version: "1.1.1"
  node_preamble:
    dependency: transitive
    description:
      name: node_preamble
      url: "https://pub.dartlang.org"
    source: hosted
    version: "1.4.13"
  package_config:
    dependency: transitive
    description:
      name: package_config
      url: "https://pub.dartlang.org"
    source: hosted
    version: "1.9.3"
  package_info:
    dependency: "direct dev"
    description:
      name: package_info
      url: "https://pub.dartlang.org"
    source: hosted
    version: "0.4.3"
  path:
    dependency: transitive
    description:
      name: path
      url: "https://pub.dartlang.org"
    source: hosted
    version: "1.8.0-nullsafety.1"
  path_drawing:
    dependency: transitive
    description:
      name: path_drawing
      url: "https://pub.dartlang.org"
    source: hosted
    version: "0.4.1+1"
  path_parsing:
    dependency: transitive
    description:
      name: path_parsing
      url: "https://pub.dartlang.org"
    source: hosted
    version: "0.1.4"
  path_provider:
    dependency: "direct main"
    description:
      name: path_provider
      url: "https://pub.dartlang.org"
    source: hosted
    version: "1.6.22"
  path_provider_linux:
    dependency: transitive
    description:
      name: path_provider_linux
      url: "https://pub.dartlang.org"
    source: hosted
    version: "0.0.1+2"
  path_provider_macos:
    dependency: transitive
    description:
      name: path_provider_macos
      url: "https://pub.dartlang.org"
    source: hosted
    version: "0.0.4+8"
  path_provider_platform_interface:
    dependency: transitive
    description:
      name: path_provider_platform_interface
      url: "https://pub.dartlang.org"
    source: hosted
    version: "1.0.4"
  path_provider_windows:
    dependency: transitive
    description:
      name: path_provider_windows
      url: "https://pub.dartlang.org"
    source: hosted
    version: "0.0.4+3"
  pedantic:
    dependency: transitive
    description:
      name: pedantic
      url: "https://pub.dartlang.org"
    source: hosted
    version: "1.10.0-nullsafety.2"
  petitparser:
    dependency: transitive
    description:
      name: petitparser
      url: "https://pub.dartlang.org"
    source: hosted
    version: "3.1.0"
  pin_code_view:
    dependency: "direct dev"
    description:
      path: "."
      ref: "5920e1b5e9d51fc145d28e83cfcaaf0a28cde0a3"
      resolved-ref: "5920e1b5e9d51fc145d28e83cfcaaf0a28cde0a3"
      url: "git://github.com/KomodoPlatform/pin_code_view.git"
    source: git
    version: "0.2.1"
  platform:
    dependency: transitive
    description:
      name: platform
      url: "https://pub.dartlang.org"
    source: hosted
    version: "3.0.0-nullsafety.2"
  plugin_platform_interface:
    dependency: transitive
    description:
      name: plugin_platform_interface
      url: "https://pub.dartlang.org"
    source: hosted
    version: "1.0.3"
  pointycastle:
    dependency: transitive
    description:
      path: "."
      ref: d106a9218a9df81ef4e0ab239ce5db2fcd9a7435
      resolved-ref: d106a9218a9df81ef4e0ab239ce5db2fcd9a7435
      url: "git://github.com/KomodoPlatform/pc-dart.git"
    source: git
    version: "1.0.2"
  pool:
    dependency: transitive
    description:
      name: pool
      url: "https://pub.dartlang.org"
    source: hosted
    version: "1.5.0-nullsafety.2"
  process:
    dependency: transitive
    description:
      name: process
      url: "https://pub.dartlang.org"
    source: hosted
    version: "4.0.0-nullsafety.2"
  provider:
    dependency: "direct main"
    description:
      path: "."
      ref: "0c1394af0ae2422dba43f5d36f0e45ea75f849a3"
      resolved-ref: "0c1394af0ae2422dba43f5d36f0e45ea75f849a3"
      url: "https://github.com/KomodoPlatform/provider"
    source: git
    version: "4.0.4"
  pub_semver:
    dependency: transitive
    description:
      name: pub_semver
      url: "https://pub.dartlang.org"
    source: hosted
    version: "1.4.4"
  qr:
    dependency: transitive
    description:
      name: qr
      url: "https://pub.dartlang.org"
    source: hosted
    version: "1.3.0"
  qr_flutter:
    dependency: "direct dev"
    description:
      path: "."
      ref: "587c969052f37d9fc0f14801aba241bffbc1ea84"
      resolved-ref: "587c969052f37d9fc0f14801aba241bffbc1ea84"
      url: "git://github.com/KomodoPlatform/qr.flutter.git"
    source: git
    version: "3.2.0"
  rational:
    dependency: transitive
    description:
      path: "."
      ref: "44f3251dca11df633d1a392f5c93ea1c0b68bd37"
      resolved-ref: "44f3251dca11df633d1a392f5c93ea1c0b68bd37"
      url: "git://github.com/KomodoPlatform/dart-rational.git"
    source: git
    version: "0.3.8"
  share:
    dependency: "direct dev"
    description:
      name: share
      url: "https://pub.dartlang.org"
    source: hosted
    version: "0.6.5+4"
  shared_preferences:
    dependency: "direct dev"
    description:
      name: shared_preferences
      url: "https://pub.dartlang.org"
    source: hosted
    version: "0.5.12+2"
  shared_preferences_linux:
    dependency: transitive
    description:
      name: shared_preferences_linux
      url: "https://pub.dartlang.org"
    source: hosted
    version: "0.0.2+4"
  shared_preferences_macos:
    dependency: transitive
    description:
      name: shared_preferences_macos
      url: "https://pub.dartlang.org"
    source: hosted
    version: "0.0.1+11"
  shared_preferences_platform_interface:
    dependency: transitive
    description:
      name: shared_preferences_platform_interface
      url: "https://pub.dartlang.org"
    source: hosted
    version: "1.0.4"
  shared_preferences_web:
    dependency: transitive
    description:
      name: shared_preferences_web
      url: "https://pub.dartlang.org"
    source: hosted
    version: "0.1.2+7"
  shared_preferences_windows:
    dependency: transitive
    description:
      name: shared_preferences_windows
      url: "https://pub.dartlang.org"
    source: hosted
    version: "0.0.2+3"
  shelf:
    dependency: transitive
    description:
      name: shelf
      url: "https://pub.dartlang.org"
    source: hosted
    version: "0.7.9"
  shelf_packages_handler:
    dependency: transitive
    description:
      name: shelf_packages_handler
      url: "https://pub.dartlang.org"
    source: hosted
    version: "2.0.1"
  shelf_static:
    dependency: transitive
    description:
      name: shelf_static
      url: "https://pub.dartlang.org"
    source: hosted
    version: "0.2.9+2"
  shelf_web_socket:
    dependency: transitive
    description:
      name: shelf_web_socket
      url: "https://pub.dartlang.org"
    source: hosted
    version: "0.2.4"
  sky_engine:
    dependency: transitive
    description: flutter
    source: sdk
    version: "0.0.99"
  source_map_stack_trace:
    dependency: transitive
    description:
      name: source_map_stack_trace
      url: "https://pub.dartlang.org"
    source: hosted
    version: "2.1.0-nullsafety.3"
  source_maps:
    dependency: transitive
    description:
      name: source_maps
      url: "https://pub.dartlang.org"
    source: hosted
    version: "0.10.10-nullsafety.2"
  source_span:
    dependency: transitive
    description:
      name: source_span
      url: "https://pub.dartlang.org"
    source: hosted
    version: "1.8.0-nullsafety.2"
  sqflite:
    dependency: "direct dev"
    description:
      path: "sqflite/"
      ref: "8da4eefdd8b13dfe7eedbd5dea1c1dded7d04acf"
      resolved-ref: "8da4eefdd8b13dfe7eedbd5dea1c1dded7d04acf"
      url: "git://github.com/KomodoPlatform/sqflite.git"
    source: git
    version: "1.3.0-dev.2"
  sqflite_common:
    dependency: transitive
    description:
      name: sqflite_common
      url: "https://pub.dartlang.org"
    source: hosted
    version: "1.0.3+1"
  stack_trace:
    dependency: transitive
    description:
      name: stack_trace
      url: "https://pub.dartlang.org"
    source: hosted
    version: "1.10.0-nullsafety.1"
  stream_channel:
    dependency: transitive
    description:
      name: stream_channel
      url: "https://pub.dartlang.org"
    source: hosted
    version: "2.1.0-nullsafety.1"
  string_scanner:
    dependency: transitive
    description:
      name: string_scanner
      url: "https://pub.dartlang.org"
    source: hosted
    version: "1.1.0-nullsafety.1"
  sync_http:
    dependency: transitive
    description:
      name: sync_http
      url: "https://pub.dartlang.org"
    source: hosted
    version: "0.2.0"
  synchronized:
    dependency: transitive
    description:
      name: synchronized
      url: "https://pub.dartlang.org"
    source: hosted
    version: "2.2.0+2"
  term_glyph:
    dependency: transitive
    description:
      name: term_glyph
      url: "https://pub.dartlang.org"
    source: hosted
    version: "1.2.0-nullsafety.1"
  test:
    dependency: "direct dev"
    description:
      name: test
      url: "https://pub.dartlang.org"
    source: hosted
    version: "1.16.0-nullsafety.5"
  test_api:
    dependency: transitive
    description:
      name: test_api
      url: "https://pub.dartlang.org"
    source: hosted
    version: "0.2.19-nullsafety.2"
  test_core:
    dependency: transitive
    description:
      name: test_core
      url: "https://pub.dartlang.org"
    source: hosted
    version: "0.3.12-nullsafety.5"
  timeago:
    dependency: "direct dev"
    description:
      path: "timeago/"
      ref: "9aeb58544067d4a2cc480da3741db9c35d1f36f3"
      resolved-ref: "9aeb58544067d4a2cc480da3741db9c35d1f36f3"
      url: "git://github.com/KomodoPlatform/timeago.dart.git"
    source: git
    version: "2.0.26"
  typed_data:
    dependency: transitive
    description:
      name: typed_data
      url: "https://pub.dartlang.org"
    source: hosted
    version: "1.3.0-nullsafety.3"
  url_launcher:
    dependency: "direct dev"
    description:
      name: url_launcher
      url: "https://pub.dartlang.org"
    source: hosted
    version: "5.4.1"
  url_launcher_macos:
    dependency: transitive
    description:
      name: url_launcher_macos
      url: "https://pub.dartlang.org"
    source: hosted
    version: "0.0.1+9"
  url_launcher_platform_interface:
    dependency: transitive
    description:
      name: url_launcher_platform_interface
      url: "https://pub.dartlang.org"
    source: hosted
    version: "1.0.9"
  url_launcher_web:
    dependency: transitive
    description:
      name: url_launcher_web
      url: "https://pub.dartlang.org"
    source: hosted
    version: "0.1.5+3"
  uuid:
    dependency: "direct dev"
    description:
      path: "."
      ref: "981adcac181443e3def4ced76a43b96c534e68ce"
      resolved-ref: "981adcac181443e3def4ced76a43b96c534e68ce"
      url: "git://github.com/KomodoPlatform/dart-uuid.git"
    source: git
    version: "2.0.4"
  vector_math:
    dependency: transitive
    description:
      name: vector_math
      url: "https://pub.dartlang.org"
    source: hosted
    version: "2.1.0-nullsafety.3"
  vm_service:
    dependency: transitive
    description:
      name: vm_service
      url: "https://pub.dartlang.org"
    source: hosted
    version: "5.5.0"
  vm_service_client:
    dependency: transitive
    description:
      name: vm_service_client
      url: "https://pub.dartlang.org"
    source: hosted
    version: "0.2.6+2"
  watcher:
    dependency: transitive
    description:
      name: watcher
      url: "https://pub.dartlang.org"
    source: hosted
    version: "0.9.7+15"
  web_socket_channel:
    dependency: transitive
    description:
      name: web_socket_channel
      url: "https://pub.dartlang.org"
    source: hosted
    version: "1.1.0"
  webdriver:
    dependency: transitive
    description:
      name: webdriver
      url: "https://pub.dartlang.org"
    source: hosted
    version: "2.1.2"
  webkit_inspection_protocol:
    dependency: transitive
    description:
      name: webkit_inspection_protocol
      url: "https://pub.dartlang.org"
    source: hosted
    version: "0.7.5"
  win32:
    dependency: transitive
    description:
      name: win32
      url: "https://pub.dartlang.org"
    source: hosted
    version: "1.7.4+1"
  xdg_directories:
    dependency: transitive
    description:
      name: xdg_directories
      url: "https://pub.dartlang.org"
    source: hosted
    version: "0.1.2"
  xml:
    dependency: transitive
    description:
      name: xml
      url: "https://pub.dartlang.org"
    source: hosted
    version: "4.5.1"
  yaml:
    dependency: transitive
    description:
      name: yaml
      url: "https://pub.dartlang.org"
    source: hosted
    version: "2.2.1"
sdks:
  dart: ">=2.10.0-110 <2.11.0"
  flutter: ">=1.22.0 <2.0.0"
